
Microsoft Visual Studio Solution File, Format Version 12.00
# Visual Studio Version 16
VisualStudioVersion = 16.0.29709.97
MinimumVisualStudioVersion = 10.0.40219.1
Project("{FAE04EC0-301F-11D3-BF4B-00C04F79EFBC}") = "LibraryServices", "LibraryServices\LibraryServices.csproj", "{66BE5728-42E7-490B-88CF-F2990C1C0204}"
EndProject
Global
	GlobalSection(SolutionConfigurationPlatforms) = preSolution
		Debug|Any CPU = Debug|Any CPU
		Release|Any CPU = Release|Any CPU
	EndGlobalSection
	GlobalSection(ProjectConfigurationPlatforms) = postSolution
		{66BE5728-42E7-490B-88CF-F2990C1C0204}.Debug|Any CPU.ActiveCfg = Debug|Any CPU
		{66BE5728-42E7-490B-88CF-F2990C1C0204}.Debug|Any CPU.Build.0 = Debug|Any CPU
		{66BE5728-42E7-490B-88CF-F2990C1C0204}.Release|Any CPU.ActiveCfg = Release|Any CPU
		{66BE5728-42E7-490B-88CF-F2990C1C0204}.Release|Any CPU.Build.0 = Release|Any CPU
	EndGlobalSection
	GlobalSection(SolutionProperties) = preSolution
		HideSolutionNode = FALSE
	EndGlobalSection
	GlobalSection(ExtensibilityGlobals) = postSolution
		SolutionGuid = {036D7A01-E984-4A60-BCF4-E20519939E79}
	EndGlobalSection
EndGlobal
